
Microsoft Visual Studio Solution File, Format Version 12.00
# Visual Studio Version 16
VisualStudioVersion = 16.0.29905.134
MinimumVisualStudioVersion = 10.0.40219.1
Project("{FAE04EC0-301F-11D3-BF4B-00C04F79EFBC}") = "GreenApp", "GreenApp.csproj", "{C913D6B1-1173-468D-97C3-98AE3BAAB88A}"
EndProject
Global
	GlobalSection(SolutionConfigurationPlatforms) = preSolution
		Debug|Any CPU = Debug|Any CPU
		Release|Any CPU = Release|Any CPU
	EndGlobalSection
	GlobalSection(ProjectConfigurationPlatforms) = postSolution
		{C913D6B1-1173-468D-97C3-98AE3BAAB88A}.Debug|Any CPU.ActiveCfg = Debug|Any CPU
		{C913D6B1-1173-468D-97C3-98AE3BAAB88A}.Debug|Any CPU.Build.0 = Debug|Any CPU
		{C913D6B1-1173-468D-97C3-98AE3BAAB88A}.Release|Any CPU.ActiveCfg = Release|Any CPU
		{C913D6B1-1173-468D-97C3-98AE3BAAB88A}.Release|Any CPU.Build.0 = Release|Any CPU
	EndGlobalSection
	GlobalSection(SolutionProperties) = preSolution
		HideSolutionNode = FALSE
	EndGlobalSection
	GlobalSection(ExtensibilityGlobals) = postSolution
		SolutionGuid = {497CF120-EAAC-4E80-BE98-6AE8EFE1E068}
	EndGlobalSection
EndGlobal
